
Microsoft Visual Studio Solution File, Format Version 12.00
# Visual Studio Version 17
VisualStudioVersion = 17.7.34009.444
MinimumVisualStudioVersion = 10.0.40219.1
Project("{9A19103F-16F7-4668-BE54-9A1E7A4F7556}") = "Lab_153503_Verhasau", "Lab_153503_Verhasau\Lab_153503_Verhasau.csproj", "{61185C48-7798-4251-9C51-47498DD24C6C}"
EndProject
Project("{9A19103F-16F7-4668-BE54-9A1E7A4F7556}") = "Domain", "Domain\Domain.csproj", "{4ED59A53-1FA9-478F-A92C-1E4EDC669FC0}"
EndProject
Project("{FAE04EC0-301F-11D3-BF4B-00C04F79EFBC}") = "API", "API\API.csproj", "{A3AA79C6-09CF-485C-A4B0-3D5CA82B5129}"
EndProject
Global
	GlobalSection(SolutionConfigurationPlatforms) = preSolution
		Debug|Any CPU = Debug|Any CPU
		Release|Any CPU = Release|Any CPU
	EndGlobalSection
	GlobalSection(ProjectConfigurationPlatforms) = postSolution
		{61185C48-7798-4251-9C51-47498DD24C6C}.Debug|Any CPU.ActiveCfg = Debug|Any CPU
		{61185C48-7798-4251-9C51-47498DD24C6C}.Debug|Any CPU.Build.0 = Debug|Any CPU
		{61185C48-7798-4251-9C51-47498DD24C6C}.Release|Any CPU.ActiveCfg = Release|Any CPU
		{61185C48-7798-4251-9C51-47498DD24C6C}.Release|Any CPU.Build.0 = Release|Any CPU
		{4ED59A53-1FA9-478F-A92C-1E4EDC669FC0}.Debug|Any CPU.ActiveCfg = Debug|Any CPU
		{4ED59A53-1FA9-478F-A92C-1E4EDC669FC0}.Debug|Any CPU.Build.0 = Debug|Any CPU
		{4ED59A53-1FA9-478F-A92C-1E4EDC669FC0}.Release|Any CPU.ActiveCfg = Release|Any CPU
		{4ED59A53-1FA9-478F-A92C-1E4EDC669FC0}.Release|Any CPU.Build.0 = Release|Any CPU
		{A3AA79C6-09CF-485C-A4B0-3D5CA82B5129}.Debug|Any CPU.ActiveCfg = Debug|Any CPU
		{A3AA79C6-09CF-485C-A4B0-3D5CA82B5129}.Debug|Any CPU.Build.0 = Debug|Any CPU
		{A3AA79C6-09CF-485C-A4B0-3D5CA82B5129}.Release|Any CPU.ActiveCfg = Release|Any CPU
		{A3AA79C6-09CF-485C-A4B0-3D5CA82B5129}.Release|Any CPU.Build.0 = Release|Any CPU
	EndGlobalSection
	GlobalSection(SolutionProperties) = preSolution
		HideSolutionNode = FALSE
	EndGlobalSection
	GlobalSection(ExtensibilityGlobals) = postSolution
		SolutionGuid = {C99D4DEE-12EE-41CA-BF92-19F6ACE3A817}
	EndGlobalSection
EndGlobal
