
Microsoft Visual Studio Solution File, Format Version 12.00
# Visual Studio Version 17
VisualStudioVersion = 17.1.32210.238
MinimumVisualStudioVersion = 10.0.40219.1
Project("{FAE04EC0-301F-11D3-BF4B-00C04F79EFBC}") = "Task 1", "Task 1\Task 1.csproj", "{D707E37F-D590-4876-BB5B-0634C22FA9B0}"
EndProject
Global
	GlobalSection(SolutionConfigurationPlatforms) = preSolution
		Debug|Any CPU = Debug|Any CPU
		Release|Any CPU = Release|Any CPU
	EndGlobalSection
	GlobalSection(ProjectConfigurationPlatforms) = postSolution
		{D707E37F-D590-4876-BB5B-0634C22FA9B0}.Debug|Any CPU.ActiveCfg = Debug|Any CPU
		{D707E37F-D590-4876-BB5B-0634C22FA9B0}.Debug|Any CPU.Build.0 = Debug|Any CPU
		{D707E37F-D590-4876-BB5B-0634C22FA9B0}.Release|Any CPU.ActiveCfg = Release|Any CPU
		{D707E37F-D590-4876-BB5B-0634C22FA9B0}.Release|Any CPU.Build.0 = Release|Any CPU
	EndGlobalSection
	GlobalSection(SolutionProperties) = preSolution
		HideSolutionNode = FALSE
	EndGlobalSection
	GlobalSection(ExtensibilityGlobals) = postSolution
		SolutionGuid = {AD2CD515-4157-4FA6-B295-55653639BDF1}
	EndGlobalSection
EndGlobal
