
Microsoft Visual Studio Solution File, Format Version 12.00
# Visual Studio Version 17
VisualStudioVersion = 17.3.32901.215
MinimumVisualStudioVersion = 10.0.40219.1
Project("{FAE04EC0-301F-11D3-BF4B-00C04F79EFBC}") = "Lab3", "Lab3.csproj", "{C45B7396-CD6E-4924-A844-D16D0DEB56FD}"
EndProject
Global
	GlobalSection(SolutionConfigurationPlatforms) = preSolution
		Debug|Any CPU = Debug|Any CPU
		Release|Any CPU = Release|Any CPU
	EndGlobalSection
	GlobalSection(ProjectConfigurationPlatforms) = postSolution
		{C45B7396-CD6E-4924-A844-D16D0DEB56FD}.Debug|Any CPU.ActiveCfg = Debug|Any CPU
		{C45B7396-CD6E-4924-A844-D16D0DEB56FD}.Debug|Any CPU.Build.0 = Debug|Any CPU
		{C45B7396-CD6E-4924-A844-D16D0DEB56FD}.Release|Any CPU.ActiveCfg = Release|Any CPU
		{C45B7396-CD6E-4924-A844-D16D0DEB56FD}.Release|Any CPU.Build.0 = Release|Any CPU
	EndGlobalSection
	GlobalSection(SolutionProperties) = preSolution
		HideSolutionNode = FALSE
	EndGlobalSection
	GlobalSection(ExtensibilityGlobals) = postSolution
		SolutionGuid = {E7C61B1C-58A6-4B72-9730-7E20758A4CBF}
	EndGlobalSection
EndGlobal
